
Microsoft Visual Studio Solution File, Format Version 12.00
# Visual Studio Version 17
VisualStudioVersion = 17.1.32210.238
MinimumVisualStudioVersion = 10.0.40219.1
Project("{9A19103F-16F7-4668-BE54-9A1E7A4F7556}") = "Filmes-api", "Filmes\Filmes-api.csproj", "{3AE04242-BF32-4817-B0B7-FF4B80DFA7DA}"
EndProject
Project("{FAE04EC0-301F-11D3-BF4B-00C04F79EFBC}") = "Filmes.Models", "Actors\Filmes.Models.csproj", "{F58DBCA4-5DBD-4117-A41E-B0DF18D4B702}"
EndProject
Project("{FAE04EC0-301F-11D3-BF4B-00C04F79EFBC}") = "Filmes.Aplication", "Filmes.Aplication\Filmes.Aplication.csproj", "{CB9C0A6B-7172-4E72-A37A-90524885BC0A}"
EndProject
Project("{FAE04EC0-301F-11D3-BF4B-00C04F79EFBC}") = "Filmes.Repository", "Filmes.Repository\Filmes.Repository.csproj", "{E7AD1ECD-D101-4A5B-BEF6-7102E92700B1}"
EndProject
Global
	GlobalSection(SolutionConfigurationPlatforms) = preSolution
		Debug|Any CPU = Debug|Any CPU
		Release|Any CPU = Release|Any CPU
	EndGlobalSection
	GlobalSection(ProjectConfigurationPlatforms) = postSolution
		{3AE04242-BF32-4817-B0B7-FF4B80DFA7DA}.Debug|Any CPU.ActiveCfg = Debug|Any CPU
		{3AE04242-BF32-4817-B0B7-FF4B80DFA7DA}.Debug|Any CPU.Build.0 = Debug|Any CPU
		{3AE04242-BF32-4817-B0B7-FF4B80DFA7DA}.Release|Any CPU.ActiveCfg = Release|Any CPU
		{3AE04242-BF32-4817-B0B7-FF4B80DFA7DA}.Release|Any CPU.Build.0 = Release|Any CPU
		{F58DBCA4-5DBD-4117-A41E-B0DF18D4B702}.Debug|Any CPU.ActiveCfg = Debug|Any CPU
		{F58DBCA4-5DBD-4117-A41E-B0DF18D4B702}.Debug|Any CPU.Build.0 = Debug|Any CPU
		{F58DBCA4-5DBD-4117-A41E-B0DF18D4B702}.Release|Any CPU.ActiveCfg = Release|Any CPU
		{F58DBCA4-5DBD-4117-A41E-B0DF18D4B702}.Release|Any CPU.Build.0 = Release|Any CPU
		{CB9C0A6B-7172-4E72-A37A-90524885BC0A}.Debug|Any CPU.ActiveCfg = Debug|Any CPU
		{CB9C0A6B-7172-4E72-A37A-90524885BC0A}.Debug|Any CPU.Build.0 = Debug|Any CPU
		{CB9C0A6B-7172-4E72-A37A-90524885BC0A}.Release|Any CPU.ActiveCfg = Release|Any CPU
		{CB9C0A6B-7172-4E72-A37A-90524885BC0A}.Release|Any CPU.Build.0 = Release|Any CPU
		{E7AD1ECD-D101-4A5B-BEF6-7102E92700B1}.Debug|Any CPU.ActiveCfg = Debug|Any CPU
		{E7AD1ECD-D101-4A5B-BEF6-7102E92700B1}.Debug|Any CPU.Build.0 = Debug|Any CPU
		{E7AD1ECD-D101-4A5B-BEF6-7102E92700B1}.Release|Any CPU.ActiveCfg = Release|Any CPU
		{E7AD1ECD-D101-4A5B-BEF6-7102E92700B1}.Release|Any CPU.Build.0 = Release|Any CPU
	EndGlobalSection
	GlobalSection(SolutionProperties) = preSolution
		HideSolutionNode = FALSE
	EndGlobalSection
	GlobalSection(ExtensibilityGlobals) = postSolution
		SolutionGuid = {2CA32359-9D44-4791-9177-C789B4DB76F0}
	EndGlobalSection
EndGlobal
